
Microsoft Visual Studio Solution File, Format Version 12.00
# Visual Studio Version 17
VisualStudioVersion = 17.13.35913.81 d17.13
MinimumVisualStudioVersion = 10.0.40219.1
Project("{FAE04EC0-301F-11D3-BF4B-00C04F79EFBC}") = "WinFormsApp1", "WinFormsApp1\WinFormsApp1.csproj", "{32E73155-4DEC-4D1F-8DCB-03025FA4B1AE}"
EndProject
Global
	GlobalSection(SolutionConfigurationPlatforms) = preSolution
		Debug|Any CPU = Debug|Any CPU
		Release|Any CPU = Release|Any CPU
	EndGlobalSection
	GlobalSection(ProjectConfigurationPlatforms) = postSolution
		{32E73155-4DEC-4D1F-8DCB-03025FA4B1AE}.Debug|Any CPU.ActiveCfg = Debug|Any CPU
		{32E73155-4DEC-4D1F-8DCB-03025FA4B1AE}.Debug|Any CPU.Build.0 = Debug|Any CPU
		{32E73155-4DEC-4D1F-8DCB-03025FA4B1AE}.Release|Any CPU.ActiveCfg = Release|Any CPU
		{32E73155-4DEC-4D1F-8DCB-03025FA4B1AE}.Release|Any CPU.Build.0 = Release|Any CPU
	EndGlobalSection
	GlobalSection(SolutionProperties) = preSolution
		HideSolutionNode = FALSE
	EndGlobalSection
	GlobalSection(ExtensibilityGlobals) = postSolution
		SolutionGuid = {6309E655-DB37-456E-831D-D54D63C98AA0}
	EndGlobalSection
EndGlobal
